
Microsoft Visual Studio Solution File, Format Version 12.00
# Visual Studio Version 16
VisualStudioVersion = 16.0.31005.135
MinimumVisualStudioVersion = 10.0.40219.1
Project("{9A19103F-16F7-4668-BE54-9A1E7A4F7556}") = "Bg.Chess.Domain", "Bg.Chess.Domain\Bg.Chess.Domain.csproj", "{7010BE4F-951D-42D4-BC4D-9234E7DC01C6}"
EndProject
Project("{9A19103F-16F7-4668-BE54-9A1E7A4F7556}") = "Bg.Chess.Domain.Tests", "Bg.Chess.Domain.Tests\Bg.Chess.Domain.Tests.csproj", "{45D9A766-4926-4E5D-9C9C-EA7448FE5D87}"
EndProject
Global
	GlobalSection(SolutionConfigurationPlatforms) = preSolution
		Debug|Any CPU = Debug|Any CPU
		Release|Any CPU = Release|Any CPU
	EndGlobalSection
	GlobalSection(ProjectConfigurationPlatforms) = postSolution
		{7010BE4F-951D-42D4-BC4D-9234E7DC01C6}.Debug|Any CPU.ActiveCfg = Debug|Any CPU
		{7010BE4F-951D-42D4-BC4D-9234E7DC01C6}.Debug|Any CPU.Build.0 = Debug|Any CPU
		{7010BE4F-951D-42D4-BC4D-9234E7DC01C6}.Release|Any CPU.ActiveCfg = Release|Any CPU
		{7010BE4F-951D-42D4-BC4D-9234E7DC01C6}.Release|Any CPU.Build.0 = Release|Any CPU
		{45D9A766-4926-4E5D-9C9C-EA7448FE5D87}.Debug|Any CPU.ActiveCfg = Debug|Any CPU
		{45D9A766-4926-4E5D-9C9C-EA7448FE5D87}.Debug|Any CPU.Build.0 = Debug|Any CPU
		{45D9A766-4926-4E5D-9C9C-EA7448FE5D87}.Release|Any CPU.ActiveCfg = Release|Any CPU
		{45D9A766-4926-4E5D-9C9C-EA7448FE5D87}.Release|Any CPU.Build.0 = Release|Any CPU
	EndGlobalSection
	GlobalSection(SolutionProperties) = preSolution
		HideSolutionNode = FALSE
	EndGlobalSection
	GlobalSection(ExtensibilityGlobals) = postSolution
		SolutionGuid = {E4ECB02D-2627-4A7C-9F41-A855C45DE9D0}
	EndGlobalSection
EndGlobal
